
Microsoft Visual Studio Solution File, Format Version 12.00
# Visual Studio Version 16
VisualStudioVersion = 16.0.30804.86
MinimumVisualStudioVersion = 10.0.40219.1
Project("{FAE04EC0-301F-11D3-BF4B-00C04F79EFBC}") = "Geometry", "Geometry\Geometry.csproj", "{697BC4DD-C61B-4ACD-A14B-44A00C4BB6BB}"
EndProject
Global
	GlobalSection(SolutionConfigurationPlatforms) = preSolution
		Debug|Any CPU = Debug|Any CPU
		Release|Any CPU = Release|Any CPU
	EndGlobalSection
	GlobalSection(ProjectConfigurationPlatforms) = postSolution
		{697BC4DD-C61B-4ACD-A14B-44A00C4BB6BB}.Debug|Any CPU.ActiveCfg = Debug|Any CPU
		{697BC4DD-C61B-4ACD-A14B-44A00C4BB6BB}.Debug|Any CPU.Build.0 = Debug|Any CPU
		{697BC4DD-C61B-4ACD-A14B-44A00C4BB6BB}.Release|Any CPU.ActiveCfg = Release|Any CPU
		{697BC4DD-C61B-4ACD-A14B-44A00C4BB6BB}.Release|Any CPU.Build.0 = Release|Any CPU
	EndGlobalSection
	GlobalSection(SolutionProperties) = preSolution
		HideSolutionNode = FALSE
	EndGlobalSection
	GlobalSection(ExtensibilityGlobals) = postSolution
		SolutionGuid = {976BA27E-D409-4277-B74C-79E5F3C067DE}
	EndGlobalSection
EndGlobal
